# This file is automatically @generated by Cargo.
# It is not intended for manual editing.
version = 4

[[package]]
name = "arvo-format"
version = "0.0.0"
dependencies = [
 "notko",
]

[[package]]
name = "notko"
version = "0.0.1"
source = "git+ssh://git@github.com/orgrinrt/notko.git?branch=dev#1a978e5c2db6c8f68bf94a6fcae266394f172b17"

[[package]]
name = "p4_obligation_range"
version = "0.0.0"
dependencies = [
 "arvo-format",
]
