# This file is automatically @generated by Cargo.
# It is not intended for manual editing.
version = 4

[[package]]
name = "arvo-format"
version = "0.0.0"
dependencies = [
 "notko",
]

[[package]]
name = "notko"
version = "0.0.1"
source = "git+ssh://git@github.com/orgrinrt/notko.git?branch=dev#473ba37974f107526001bc081b9987a8f002ebd1"

[[package]]
name = "p01_the_platform_width_has_no_format"
version = "0.0.0"
dependencies = [
 "arvo-format",
]
