# This file is automatically @generated by Cargo.
# It is not intended for manual editing.
version = 4

[[package]]
name = "bench-warm-container-shared"
version = "0.0.0"
dependencies = [
 "mockspace-bench-core",
]

[[package]]
name = "mockspace-bench-core"
version = "0.1.0"
source = "git+ssh://git@github.com/hiisi-digital/mockspace.git?branch=dev#0006073f486f65eaa0a0a275f567220fc789232d"

[[package]]
name = "p141-asm"
version = "0.0.0"
dependencies = [
 "bench-warm-container-shared",
]
