# This file is automatically @generated by Cargo.
# It is not intended for manual editing.
version = 4

[[package]]
name = "bench-quantiser-radix-shared"
version = "0.0.0"
dependencies = [
 "mockspace-bench-core",
]

[[package]]
name = "mockspace-bench-core"
version = "0.1.0"
source = "git+ssh://git@github.com/hiisi-digital/mockspace.git?branch=dev#bce17f6c7653573e35dfe64a2e08a11a85cfeeab"

[[package]]
name = "p2-two-arms-two-answers"
version = "0.0.0"
dependencies = [
 "bench-quantiser-radix-shared",
 "mockspace-bench-core",
]
