# This file is automatically @generated by Cargo.
# It is not intended for manual editing.
version = 4

[[package]]
name = "bench-warm-container-shared"
version = "0.0.0"
dependencies = [
 "mockspace-bench-core",
]

[[package]]
name = "mockspace-bench-core"
version = "0.0.0"
source = "git+ssh://git@github.com/hiisi-digital/mockspace.git?branch=dev#b4e0c7ad219a24051952c4abd797a8a68b2e7908"

[[package]]
name = "p1-oracle-quantifier"
version = "0.0.0"
dependencies = [
 "bench-warm-container-shared",
]
