# This file is automatically @generated by Cargo.
# It is not intended for manual editing.
version = 4

[[package]]
name = "a_std_dependent_of_the_crate_without_the_glob"
version = "0.0.0"
dependencies = [
 "fakecore_without_the_glob",
]

[[package]]
name = "fakecore_without_the_glob"
version = "0.0.0"
