# This file is automatically @generated by Cargo.
# It is not intended for manual editing.
version = 4

[[package]]
name = "bench-warm-container-shared"
version = "0.0.0"
dependencies = [
 "mockspace-bench-core",
]

[[package]]
name = "libc"
version = "0.2.189"
source = "registry+https://github.com/rust-lang/crates.io-index"
checksum = "3eaf3ede3fee6db1a4c2ee091bf8a8b4dccdc6d17f656fb07896ee72867612f2"

[[package]]
name = "mockspace-bench-core"
version = "0.1.0"
source = "git+ssh://git@github.com/hiisi-digital/mockspace.git?branch=dev#181e4bf66c42b0a3a9dc6e4f3a7b36610e9945b5"

[[package]]
name = "p3-dylib-probe"
version = "0.0.0"
dependencies = [
 "bench-warm-container-shared",
 "libc",
 "mockspace-bench-core",
]
