# This file is automatically @generated by Cargo.
# It is not intended for manual editing.
version = 4

[[package]]
name = "bench-bitpack-carrier-shared"
version = "0.0.0"
dependencies = [
 "bench-bitpack-plan-shared",
 "mockspace-bench-core",
]

[[package]]
name = "bench-bitpack-contend-shared"
version = "0.0.0"
dependencies = [
 "bench-bitpack-carrier-shared",
 "bench-bitpack-plan-shared",
 "mockspace-bench-core",
]

[[package]]
name = "bench-bitpack-plan-shared"
version = "0.0.0"
dependencies = [
 "mockspace-bench-core",
]

[[package]]
name = "bench-bitpack-wide-shared"
version = "0.0.0"
dependencies = [
 "bench-bitpack-carrier-shared",
 "bench-bitpack-contend-shared",
 "bench-bitpack-plan-shared",
 "mockspace-bench-core",
]

[[package]]
name = "mockspace-bench-core"
version = "0.1.0"
source = "git+ssh://git@github.com/hiisi-digital/mockspace.git?branch=dev#084e780c729a33ec21ea7e7a3157cdbd86022cf2"
