# This file is automatically @generated by Cargo.
# It is not intended for manual editing.
version = 4

[[package]]
name = "bench-wide-rung-shared"
version = "0.0.0"
dependencies = [
 "mockspace-bench-core",
]

[[package]]
name = "mockspace-bench-core"
version = "0.1.0"
source = "git+ssh://git@github.com/hiisi-digital/mockspace.git?branch=dev#181e4bf66c42b0a3a9dc6e4f3a7b36610e9945b5"

[[package]]
name = "wide-rung-loop-shape"
version = "0.0.0"
dependencies = [
 "bench-wide-rung-shared",
]
