# This file is automatically @generated by Cargo.
# It is not intended for manual editing.
version = 4

[[package]]
name = "fakecore_with_an_empty_prelude"
version = "0.0.0"

[[package]]
name = "user_of_the_crate_with_an_empty_prelude_and_a_wrong_width"
version = "0.0.0"
dependencies = [
 "fakecore_with_an_empty_prelude",
]
