# This file is automatically @generated by Cargo.
# It is not intended for manual editing.
version = 4

[[package]]
name = "arvo-format"
version = "0.1.0"
dependencies = [
 "notko",
]

[[package]]
name = "arvo-standards"
version = "0.1.0"
dependencies = [
 "arvo-format",
]

[[package]]
name = "notko"
version = "0.0.1"
source = "git+ssh://git@github.com/orgrinrt/notko.git?branch=dev#a30683d7d27a25b005ac0956bbd092dae1566442"
